// !$*UTF8*$!
{
	archiveVersion = 1;
	classes = {
	};
	objectVersion = 46;
	objects = {

/* Begin PBXBuildFile section */
		29678D1A1C3579E10007A830 /* main.m in Sources */ = {isa = PBXBuildFile; fileRef = 29678D191C3579E10007A830 /* main.m */; };
		29678D1D1C3579E10007A830 /* AppDelegate.m in Sources */ = {isa = PBXBuildFile; fileRef = 29678D1C1C3579E10007A830 /* AppDelegate.m */; };
		29678D231C3579E10007A830 /* Main.storyboard in Resources */ = {isa = PBXBuildFile; fileRef = 29678D211C3579E10007A830 /* Main.storyboard */; };
		29678D251C3579E10007A830 /* Assets.xcassets in Resources */ = {isa = PBXBuildFile; fileRef = 29678D241C3579E10007A830 /* Assets.xcassets */; };
		29678D281C3579E10007A830 /* LaunchScreen.storyboard in Resources */ = {isa = PBXBuildFile; fileRef = 29678D261C3579E10007A830 /* LaunchScreen.storyboard */; };
		29678D311C357C7C0007A830 /* RedViewController.m in Sources */ = {isa = PBXBuildFile; fileRef = 29678D301C357C7C0007A830 /* RedViewController.m */; };
		29678D371C357C8A0007A830 /* BlueViewController.m in Sources */ = {isa = PBXBuildFile; fileRef = 29678D361C357C8A0007A830 /* BlueViewController.m */; };
		29989E601C36698000D87689 /* ViewControllers.swift in Sources */ = {isa = PBXBuildFile; fileRef = 29989E5F1C36698000D87689 /* ViewControllers.swift */; };
/* End PBXBuildFile section */

/* Begin PBXFileReference section */
		29678D151C3579E10007A830 /* 20151231-Unwind Segues.app */ = {isa = PBXFileReference; explicitFileType = wrapper.application; includeInIndex = 0; path = "20151231-Unwind Segues.app"; sourceTree = BUILT_PRODUCTS_DIR; };
		29678D191C3579E10007A830 /* main.m */ = {isa = PBXFileReference; lastKnownFileType = sourcecode.c.objc; path = main.m; sourceTree = "<group>"; };
		29678D1B1C3579E10007A830 /* AppDelegate.h */ = {isa = PBXFileReference; lastKnownFileType = sourcecode.c.h; path = AppDelegate.h; sourceTree = "<group>"; };
		29678D1C1C3579E10007A830 /* AppDelegate.m */ = {isa = PBXFileReference; lastKnownFileType = sourcecode.c.objc; path = AppDelegate.m; sourceTree = "<group>"; };
		29678D221C3579E10007A830 /* Base */ = {isa = PBXFileReference; lastKnownFileType = file.storyboard; name = Base; path = Base.lproj/Main.storyboard; sourceTree = "<group>"; };
		29678D241C3579E10007A830 /* Assets.xcassets */ = {isa = PBXFileReference; lastKnownFileType = folder.assetcatalog; path = Assets.xcassets; sourceTree = "<group>"; };
		29678D271C3579E10007A830 /* Base */ = {isa = PBXFileReference; lastKnownFileType = file.storyboard; name = Base; path = Base.lproj/LaunchScreen.storyboard; sourceTree = "<group>"; };
		29678D291C3579E10007A830 /* Info.plist */ = {isa = PBXFileReference; lastKnownFileType = text.plist.xml; path = Info.plist; sourceTree = "<group>"; };
		29678D2F1C357C7C0007A830 /* RedViewController.h */ = {isa = PBXFileReference; fileEncoding = 4; lastKnownFileType = sourcecode.c.h; path = RedViewController.h; sourceTree = "<group>"; };
		29678D301C357C7C0007A830 /* RedViewController.m */ = {isa = PBXFileReference; fileEncoding = 4; lastKnownFileType = sourcecode.c.objc; path = RedViewController.m; sourceTree = "<group>"; };
		29678D351C357C8A0007A830 /* BlueViewController.h */ = {isa = PBXFileReference; fileEncoding = 4; lastKnownFileType = sourcecode.c.h; path = BlueViewController.h; sourceTree = "<group>"; };
		29678D361C357C8A0007A830 /* BlueViewController.m */ = {isa = PBXFileReference; fileEncoding = 4; lastKnownFileType = sourcecode.c.objc; path = BlueViewController.m; sourceTree = "<group>"; };
		29678D381C3654EC0007A830 /* 20151231-Unwind Segues-Bridging-Header.h */ = {isa = PBXFileReference; lastKnownFileType = sourcecode.c.h; path = "20151231-Unwind Segues-Bridging-Header.h"; sourceTree = "<group>"; };
		29989E5F1C36698000D87689 /* ViewControllers.swift */ = {isa = PBXFileReference; fileEncoding = 4; lastKnownFileType = sourcecode.swift; path = ViewControllers.swift; sourceTree = "<group>"; };
/* End PBXFileReference section */

/* Begin PBXFrameworksBuildPhase section */
		29678D121C3579E10007A830 /* Frameworks */ = {
			isa = PBXFrameworksBuildPhase;
			buildActionMask = 2147483647;
			files = (
			);
			runOnlyForDeploymentPostprocessing = 0;
		};
/* End PBXFrameworksBuildPhase section */

/* Begin PBXGroup section */
		29678D0C1C3579E10007A830 = {
			isa = PBXGroup;
			children = (
				29678D171C3579E10007A830 /* 20151231-Unwind Segues */,
				29678D161C3579E10007A830 /* Products */,
			);
			sourceTree = "<group>";
		};
		29678D161C3579E10007A830 /* Products */ = {
			isa = PBXGroup;
			children = (
				29678D151C3579E10007A830 /* 20151231-Unwind Segues.app */,
			);
			name = Products;
			sourceTree = "<group>";
		};
		29678D171C3579E10007A830 /* 20151231-Unwind Segues */ = {
			isa = PBXGroup;
			children = (
				29678D1B1C3579E10007A830 /* AppDelegate.h */,
				29678D1C1C3579E10007A830 /* AppDelegate.m */,
				29678D211C3579E10007A830 /* Main.storyboard */,
				29989E5F1C36698000D87689 /* ViewControllers.swift */,
				29678D2F1C357C7C0007A830 /* RedViewController.h */,
				29678D301C357C7C0007A830 /* RedViewController.m */,
				29678D351C357C8A0007A830 /* BlueViewController.h */,
				29678D361C357C8A0007A830 /* BlueViewController.m */,
				29678D241C3579E10007A830 /* Assets.xcassets */,
				29678D261C3579E10007A830 /* LaunchScreen.storyboard */,
				29678D291C3579E10007A830 /* Info.plist */,
				29678D381C3654EC0007A830 /* 20151231-Unwind Segues-Bridging-Header.h */,
				29678D181C3579E10007A830 /* Supporting Files */,
			);
			path = "20151231-Unwind Segues";
			sourceTree = "<group>";
		};
		29678D181C3579E10007A830 /* Supporting Files */ = {
			isa = PBXGroup;
			children = (
				29678D191C3579E10007A830 /* main.m */,
			);
			name = "Supporting Files";
			sourceTree = "<group>";
		};
/* End PBXGroup section */

/* Begin PBXNativeTarget section */
		29678D141C3579E10007A830 /* 20151231-Unwind Segues */ = {
			isa = PBXNativeTarget;
			buildConfigurationList = 29678D2C1C3579E10007A830 /* Build configuration list for PBXNativeTarget "20151231-Unwind Segues" */;
			buildPhases = (
				29678D111C3579E10007A830 /* Sources */,
				29678D121C3579E10007A830 /* Frameworks */,
				29678D131C3579E10007A830 /* Resources */,
			);
			buildRules = (
			);
			dependencies = (
			);
			name = "20151231-Unwind Segues";
			productName = "20151231-Unwind Segues";
			productReference = 29678D151C3579E10007A830 /* 20151231-Unwind Segues.app */;
			productType = "com.apple.product-type.application";
		};
/* End PBXNativeTarget section */

/* Begin PBXProject section */
		29678D0D1C3579E10007A830 /* Project object */ = {
			isa = PBXProject;
			attributes = {
				LastUpgradeCheck = 0720;
				ORGANIZATIONNAME = shiyuwudi;
				TargetAttributes = {
					29678D141C3579E10007A830 = {
						CreatedOnToolsVersion = 7.2;
					};
				};
			};
			buildConfigurationList = 29678D101C3579E10007A830 /* Build configuration list for PBXProject "20151231-Unwind Segues" */;
			compatibilityVersion = "Xcode 3.2";
			developmentRegion = English;
			hasScannedForEncodings = 0;
			knownRegions = (
				en,
				Base,
			);
			mainGroup = 29678D0C1C3579E10007A830;
			productRefGroup = 29678D161C3579E10007A830 /* Products */;
			projectDirPath = "";
			projectRoot = "";
			targets = (
				29678D141C3579E10007A830 /* 20151231-Unwind Segues */,
			);
		};
/* End PBXProject section */

/* Begin PBXResourcesBuildPhase section */
		29678D131C3579E10007A830 /* Resources */ = {
			isa = PBXResourcesBuildPhase;
			buildActionMask = 2147483647;
			files = (
				29678D281C3579E10007A830 /* LaunchScreen.storyboard in Resources */,
				29678D251C3579E10007A830 /* Assets.xcassets in Resources */,
				29678D231C3579E10007A830 /* Main.storyboard in Resources */,
			);
			runOnlyForDeploymentPostprocessing = 0;
		};
/* End PBXResourcesBuildPhase section */

/* Begin PBXSourcesBuildPhase section */
		29678D111C3579E10007A830 /* Sources */ = {
			isa = PBXSourcesBuildPhase;
			buildActionMask = 2147483647;
			files = (
				29989E601C36698000D87689 /* ViewControllers.swift in Sources */,
				29678D311C357C7C0007A830 /* RedViewController.m in Sources */,
				29678D371C357C8A0007A830 /* BlueViewController.m in Sources */,
				29678D1D1C3579E10007A830 /* AppDelegate.m in Sources */,
				29678D1A1C3579E10007A830 /* main.m in Sources */,
			);
			runOnlyForDeploymentPostprocessing = 0;
		};
/* End PBXSourcesBuildPhase section */

/* Begin PBXVariantGroup section */
		29678D211C3579E10007A830 /* Main.storyboard */ = {
			isa = PBXVariantGroup;
			children = (
				29678D221C3579E10007A830 /* Base */,
			);
			name = Main.storyboard;
			sourceTree = "<group>";
		};
		29678D261C3579E10007A830 /* LaunchScreen.storyboard */ = {
			isa = PBXVariantGroup;
			children = (
				29678D271C3579E10007A830 /* Base */,
			);
			name = LaunchScreen.storyboard;
			sourceTree = "<group>";
		};
/* End PBXVariantGroup section */

/* Begin XCBuildConfiguration section */
		29678D2A1C3579E10007A830 /* Debug */ = {
			isa = XCBuildConfiguration;
			buildSettings = {
				ALWAYS_SEARCH_USER_PATHS = NO;
				CLANG_CXX_LANGUAGE_STANDARD = "gnu++0x";
				CLANG_CXX_LIBRARY = "libc++";
				CLANG_ENABLE_MODULES = YES;
				CLANG_ENABLE_OBJC_ARC = YES;
				CLANG_WARN_BOOL_CONVERSION = YES;
				CLANG_WARN_CONSTANT_CONVERSION = YES;
				CLANG_WARN_DIRECT_OBJC_ISA_USAGE = YES_ERROR;
				CLANG_WARN_EMPTY_BODY = YES;
				CLANG_WARN_ENUM_CONVERSION = YES;
				CLANG_WARN_INT_CONVERSION = YES;
				CLANG_WARN_OBJC_ROOT_CLASS = YES_ERROR;
				CLANG_WARN_UNREACHABLE_CODE = YES;
				CLANG_WARN__DUPLICATE_METHOD_MATCH = YES;
				"CODE_SIGN_IDENTITY[sdk=iphoneos*]" = "iPhone Developer";
				COPY_PHASE_STRIP = NO;
				DEBUG_INFORMATION_FORMAT = dwarf;
				ENABLE_STRICT_OBJC_MSGSEND = YES;
				ENABLE_TESTABILITY = YES;
				GCC_C_LANGUAGE_STANDARD = gnu99;
				GCC_DYNAMIC_NO_PIC = NO;
				GCC_NO_COMMON_BLOCKS = YES;
				GCC_OPTIMIZATION_LEVEL = 0;
				GCC_PREPROCESSOR_DEFINITIONS = (
					"DEBUG=1",
					"$(inherited)",
				);
				GCC_WARN_64_TO_32_BIT_CONVERSION = YES;
				GCC_WARN_ABOUT_RETURN_TYPE = YES_ERROR;
				GCC_WARN_UNDECLARED_SELECTOR = YES;
				GCC_WARN_UNINITIALIZED_AUTOS = YES_AGGRESSIVE;
				GCC_WARN_UNUSED_FUNCTION = YES;
				GCC_WARN_UNUSED_VARIABLE = YES;
				IPHONEOS_DEPLOYMENT_TARGET = 9.2;
				MTL_ENABLE_DEBUG_INFO = YES;
				ONLY_ACTIVE_ARCH = YES;
				SDKROOT = iphoneos;
			};
			name = Debug;
		};
		29678D2B1C3579E10007A830 /* Release */ = {
			isa = XCBuildConfiguration;
			buildSettings = {
				ALWAYS_SEARCH_USER_PATHS = NO;
				CLANG_CXX_LANGUAGE_STANDARD = "gnu++0x";
				CLANG_CXX_LIBRARY = "libc++";
				CLANG_ENABLE_MODULES = YES;
				CLANG_ENABLE_OBJC_ARC = YES;
				CLANG_WARN_BOOL_CONVERSION = YES;
				CLANG_WARN_CONSTANT_CONVERSION = YES;
				CLANG_WARN_DIRECT_OBJC_ISA_USAGE = YES_ERROR;
				CLANG_WARN_EMPTY_BODY = YES;
				CLANG_WARN_ENUM_CONVERSION = YES;
				CLANG_WARN_INT_CONVERSION = YES;
				CLANG_WARN_OBJC_ROOT_CLASS = YES_ERROR;
				CLANG_WARN_UNREACHABLE_CODE = YES;
				CLANG_WARN__DUPLICATE_METHOD_MATCH = YES;
				"CODE_SIGN_IDENTITY[sdk=iphoneos*]" = "iPhone Developer";
				COPY_PHASE_STRIP = NO;
				DEBUG_INFORMATION_FORMAT = "dwarf-with-dsym";
				ENABLE_NS_ASSERTIONS = NO;
				ENABLE_STRICT_OBJC_MSGSEND = YES;
				GCC_C_LANGUAGE_STANDARD = gnu99;
				GCC_NO_COMMON_BLOCKS = YES;
				GCC_WARN_64_TO_32_BIT_CONVERSION = YES;
				GCC_WARN_ABOUT_RETURN_TYPE = YES_ERROR;
				GCC_WARN_UNDECLARED_SELECTOR = YES;
				GCC_WARN_UNINITIALIZED_AUTOS = YES_AGGRESSIVE;
				GCC_WARN_UNUSED_FUNCTION = YES;
				GCC_WARN_UNUSED_VARIABLE = YES;
				IPHONEOS_DEPLOYMENT_TARGET = 9.2;
				MTL_ENABLE_DEBUG_INFO = NO;
				SDKROOT = iphoneos;
				VALIDATE_PRODUCT = YES;
			};
			name = Release;
		};
		29678D2D1C3579E10007A830 /* Debug */ = {
			isa = XCBuildConfiguration;
			buildSettings = {
				ASSETCATALOG_COMPILER_APPICON_NAME = AppIcon;
				CLANG_ENABLE_MODULES = YES;
				DEFINES_MODULE = YES;
				INFOPLIST_FILE = "20151231-Unwind Segues/Info.plist";
				LD_RUNPATH_SEARCH_PATHS = "$(inherited) @executable_path/Frameworks";
				PRODUCT_BUNDLE_IDENTIFIER = "com.shiyuwudi.-0151231-Unwind-Segues";
				PRODUCT_MODULE_NAME = Unwind;
				PRODUCT_NAME = "$(TARGET_NAME)";
				SWIFT_OBJC_BRIDGING_HEADER = "20151231-Unwind Segues/20151231-Unwind Segues-Bridging-Header.h";
				SWIFT_OPTIMIZATION_LEVEL = "-Onone";
			};
			name = Debug;
		};
		29678D2E1C3579E10007A830 /* Release */ = {
			isa = XCBuildConfiguration;
			buildSettings = {
				ASSETCATALOG_COMPILER_APPICON_NAME = AppIcon;
				CLANG_ENABLE_MODULES = YES;
				DEFINES_MODULE = YES;
				INFOPLIST_FILE = "20151231-Unwind Segues/Info.plist";
				LD_RUNPATH_SEARCH_PATHS = "$(inherited) @executable_path/Frameworks";
				PRODUCT_BUNDLE_IDENTIFIER = "com.shiyuwudi.-0151231-Unwind-Segues";
				PRODUCT_MODULE_NAME = Unwind;
				PRODUCT_NAME = "$(TARGET_NAME)";
				SWIFT_OBJC_BRIDGING_HEADER = "20151231-Unwind Segues/20151231-Unwind Segues-Bridging-Header.h";
			};
			name = Release;
		};
/* End XCBuildConfiguration section */

/* Begin XCConfigurationList section */
		29678D101C3579E10007A830 /* Build configuration list for PBXProject "20151231-Unwind Segues" */ = {
			isa = XCConfigurationList;
			buildConfigurations = (
				29678D2A1C3579E10007A830 /* Debug */,
				29678D2B1C3579E10007A830 /* Release */,
			);
			defaultConfigurationIsVisible = 0;
			defaultConfigurationName = Release;
		};
		29678D2C1C3579E10007A830 /* Build configuration list for PBXNativeTarget "20151231-Unwind Segues" */ = {
			isa = XCConfigurationList;
			buildConfigurations = (
				29678D2D1C3579E10007A830 /* Debug */,
				29678D2E1C3579E10007A830 /* Release */,
			);
			defaultConfigurationIsVisible = 0;
			defaultConfigurationName = Release;
		};
/* End XCConfigurationList section */
	};
	rootObject = 29678D0D1C3579E10007A830 /* Project object */;
}
